
Microsoft Visual Studio Solution File, Format Version 12.00
# Visual Studio Version 17
VisualStudioVersion = 17.1.32328.378
MinimumVisualStudioVersion = 10.0.40219.1
Project("{8BC9CEB8-8B4A-11D0-8D11-00A0C91BC942}") = "Custom_MKL", "Custom_MKL\Custom_MKL.vcxproj", "{5ED5BE7E-A571-48F0-9584-264C7CFF0A8B}"
EndProject
Project("{9A19103F-16F7-4668-BE54-9A1E7A4F7556}") = "Custom_MKL_Console", "Custom_MKL_Console\Custom_MKL_Console.csproj", "{F7D7C65D-4661-418E-9D8D-938732BAD1DB}"
EndProject
Project("{FAE04EC0-301F-11D3-BF4B-00C04F79EFBC}") = "WpfApp1", "WpfApp1\WpfApp1.csproj", "{BEFB4B82-C5CE-4F2E-AFA9-C1F187C13014}"
EndProject
Project("{FAE04EC0-301F-11D3-BF4B-00C04F79EFBC}") = "Sharp_Lib", "Sharp_Lib\Sharp_Lib.csproj", "{0F16E669-C5F7-49D1-81E8-6303F186AE88}"
EndProject
Global
	GlobalSection(SolutionConfigurationPlatforms) = preSolution
		Debug|Any CPU = Debug|Any CPU
		Debug|x64 = Debug|x64
		Debug|x86 = Debug|x86
		Release|Any CPU = Release|Any CPU
		Release|x64 = Release|x64
		Release|x86 = Release|x86
	EndGlobalSection
	GlobalSection(ProjectConfigurationPlatforms) = postSolution
		{5ED5BE7E-A571-48F0-9584-264C7CFF0A8B}.Debug|Any CPU.ActiveCfg = Debug|x64
		{5ED5BE7E-A571-48F0-9584-264C7CFF0A8B}.Debug|Any CPU.Build.0 = Debug|x64
		{5ED5BE7E-A571-48F0-9584-264C7CFF0A8B}.Debug|x64.ActiveCfg = Debug|x64
		{5ED5BE7E-A571-48F0-9584-264C7CFF0A8B}.Debug|x64.Build.0 = Debug|x64
		{5ED5BE7E-A571-48F0-9584-264C7CFF0A8B}.Debug|x86.ActiveCfg = Debug|Win32
		{5ED5BE7E-A571-48F0-9584-264C7CFF0A8B}.Debug|x86.Build.0 = Debug|Win32
		{5ED5BE7E-A571-48F0-9584-264C7CFF0A8B}.Release|Any CPU.ActiveCfg = Release|x64
		{5ED5BE7E-A571-48F0-9584-264C7CFF0A8B}.Release|Any CPU.Build.0 = Release|x64
		{5ED5BE7E-A571-48F0-9584-264C7CFF0A8B}.Release|x64.ActiveCfg = Release|x64
		{5ED5BE7E-A571-48F0-9584-264C7CFF0A8B}.Release|x64.Build.0 = Release|x64
		{5ED5BE7E-A571-48F0-9584-264C7CFF0A8B}.Release|x86.ActiveCfg = Release|Win32
		{5ED5BE7E-A571-48F0-9584-264C7CFF0A8B}.Release|x86.Build.0 = Release|Win32
		{F7D7C65D-4661-418E-9D8D-938732BAD1DB}.Debug|Any CPU.ActiveCfg = Debug|Any CPU
		{F7D7C65D-4661-418E-9D8D-938732BAD1DB}.Debug|Any CPU.Build.0 = Debug|Any CPU
		{F7D7C65D-4661-418E-9D8D-938732BAD1DB}.Debug|x64.ActiveCfg = Debug|Any CPU
		{F7D7C65D-4661-418E-9D8D-938732BAD1DB}.Debug|x64.Build.0 = Debug|Any CPU
		{F7D7C65D-4661-418E-9D8D-938732BAD1DB}.Debug|x86.ActiveCfg = Debug|Any CPU
		{F7D7C65D-4661-418E-9D8D-938732BAD1DB}.Debug|x86.Build.0 = Debug|Any CPU
		{F7D7C65D-4661-418E-9D8D-938732BAD1DB}.Release|Any CPU.ActiveCfg = Release|Any CPU
		{F7D7C65D-4661-418E-9D8D-938732BAD1DB}.Release|Any CPU.Build.0 = Release|Any CPU
		{F7D7C65D-4661-418E-9D8D-938732BAD1DB}.Release|x64.ActiveCfg = Release|Any CPU
		{F7D7C65D-4661-418E-9D8D-938732BAD1DB}.Release|x64.Build.0 = Release|Any CPU
		{F7D7C65D-4661-418E-9D8D-938732BAD1DB}.Release|x86.ActiveCfg = Release|Any CPU
		{F7D7C65D-4661-418E-9D8D-938732BAD1DB}.Release|x86.Build.0 = Release|Any CPU
		{BEFB4B82-C5CE-4F2E-AFA9-C1F187C13014}.Debug|Any CPU.ActiveCfg = Debug|Any CPU
		{BEFB4B82-C5CE-4F2E-AFA9-C1F187C13014}.Debug|Any CPU.Build.0 = Debug|Any CPU
		{BEFB4B82-C5CE-4F2E-AFA9-C1F187C13014}.Debug|x64.ActiveCfg = Debug|Any CPU
		{BEFB4B82-C5CE-4F2E-AFA9-C1F187C13014}.Debug|x64.Build.0 = Debug|Any CPU
		{BEFB4B82-C5CE-4F2E-AFA9-C1F187C13014}.Debug|x86.ActiveCfg = Debug|Any CPU
		{BEFB4B82-C5CE-4F2E-AFA9-C1F187C13014}.Debug|x86.Build.0 = Debug|Any CPU
		{BEFB4B82-C5CE-4F2E-AFA9-C1F187C13014}.Release|Any CPU.ActiveCfg = Release|Any CPU
		{BEFB4B82-C5CE-4F2E-AFA9-C1F187C13014}.Release|Any CPU.Build.0 = Release|Any CPU
		{BEFB4B82-C5CE-4F2E-AFA9-C1F187C13014}.Release|x64.ActiveCfg = Release|Any CPU
		{BEFB4B82-C5CE-4F2E-AFA9-C1F187C13014}.Release|x64.Build.0 = Release|Any CPU
		{BEFB4B82-C5CE-4F2E-AFA9-C1F187C13014}.Release|x86.ActiveCfg = Release|Any CPU
		{BEFB4B82-C5CE-4F2E-AFA9-C1F187C13014}.Release|x86.Build.0 = Release|Any CPU
		{0F16E669-C5F7-49D1-81E8-6303F186AE88}.Debug|Any CPU.ActiveCfg = Debug|Any CPU
		{0F16E669-C5F7-49D1-81E8-6303F186AE88}.Debug|Any CPU.Build.0 = Debug|Any CPU
		{0F16E669-C5F7-49D1-81E8-6303F186AE88}.Debug|x64.ActiveCfg = Debug|Any CPU
		{0F16E669-C5F7-49D1-81E8-6303F186AE88}.Debug|x64.Build.0 = Debug|Any CPU
		{0F16E669-C5F7-49D1-81E8-6303F186AE88}.Debug|x86.ActiveCfg = Debug|Any CPU
		{0F16E669-C5F7-49D1-81E8-6303F186AE88}.Debug|x86.Build.0 = Debug|Any CPU
		{0F16E669-C5F7-49D1-81E8-6303F186AE88}.Release|Any CPU.ActiveCfg = Release|Any CPU
		{0F16E669-C5F7-49D1-81E8-6303F186AE88}.Release|Any CPU.Build.0 = Release|Any CPU
		{0F16E669-C5F7-49D1-81E8-6303F186AE88}.Release|x64.ActiveCfg = Release|Any CPU
		{0F16E669-C5F7-49D1-81E8-6303F186AE88}.Release|x64.Build.0 = Release|Any CPU
		{0F16E669-C5F7-49D1-81E8-6303F186AE88}.Release|x86.ActiveCfg = Release|Any CPU
		{0F16E669-C5F7-49D1-81E8-6303F186AE88}.Release|x86.Build.0 = Release|Any CPU
	EndGlobalSection
	GlobalSection(SolutionProperties) = preSolution
		HideSolutionNode = FALSE
	EndGlobalSection
	GlobalSection(ExtensibilityGlobals) = postSolution
		SolutionGuid = {D20F51C9-0D93-4B71-B5BD-8A6BA4F8F348}
	EndGlobalSection
EndGlobal
